
Microsoft Visual Studio Solution File, Format Version 12.00
# Visual Studio Version 17
VisualStudioVersion = 17.14.36518.9 d17.14
MinimumVisualStudioVersion = 10.0.40219.1
Project("{FAE04EC0-301F-11D3-BF4B-00C04F79EFBC}") = "AkilliEvMobil", "AkilliEvMobil.csproj", "{CAAADDE5-6FBE-4219-BA20-7E1E7896400F}"
EndProject
Global
	GlobalSection(SolutionConfigurationPlatforms) = preSolution
		Debug|Any CPU = Debug|Any CPU
		Release|Any CPU = Release|Any CPU
	EndGlobalSection
	GlobalSection(ProjectConfigurationPlatforms) = postSolution
		{CAAADDE5-6FBE-4219-BA20-7E1E7896400F}.Debug|Any CPU.ActiveCfg = Debug|Any CPU
		{CAAADDE5-6FBE-4219-BA20-7E1E7896400F}.Debug|Any CPU.Build.0 = Debug|Any CPU
		{CAAADDE5-6FBE-4219-BA20-7E1E7896400F}.Debug|Any CPU.Deploy.0 = Debug|Any CPU
		{CAAADDE5-6FBE-4219-BA20-7E1E7896400F}.Release|Any CPU.ActiveCfg = Release|Any CPU
		{CAAADDE5-6FBE-4219-BA20-7E1E7896400F}.Release|Any CPU.Build.0 = Release|Any CPU
		{CAAADDE5-6FBE-4219-BA20-7E1E7896400F}.Release|Any CPU.Deploy.0 = Release|Any CPU
	EndGlobalSection
	GlobalSection(SolutionProperties) = preSolution
		HideSolutionNode = FALSE
	EndGlobalSection
	GlobalSection(ExtensibilityGlobals) = postSolution
		SolutionGuid = {DBBB2467-1BDA-4B5B-9AD9-ED7B95CFBFA9}
	EndGlobalSection
EndGlobal
